// !$*UTF8*$!
{
	archiveVersion = 1;
	classes = {
	};
	objectVersion = 46;
	objects = {

/* Begin PBXBuildFile section */
		94AAABBC1D6DEE65004335CC /* SkyUtils.h in Headers */ = {isa = PBXBuildFile; fileRef = 94AAABBA1D6DEE65004335CC /* SkyUtils.h */; settings = {ATTRIBUTES = (Public, ); }; };
		94AAABCF1D6DEF15004335CC /* Mutex.swift in Sources */ = {isa = PBXBuildFile; fileRef = 94AAABCE1D6DEF15004335CC /* Mutex.swift */; };
		94AAABD11D6DEF58004335CC /* Locking.swift in Sources */ = {isa = PBXBuildFile; fileRef = 94AAABD01D6DEF58004335CC /* Locking.swift */; };
		94EA97D41D7918A70011DCC4 /* URLResponse.swift in Sources */ = {isa = PBXBuildFile; fileRef = 94EA97D31D7918A70011DCC4 /* URLResponse.swift */; };
		94EA97DD1D7922BC0011DCC4 /* Project-Base.xcconfig in Resources */ = {isa = PBXBuildFile; fileRef = 94EA97D71D7922BC0011DCC4 /* Project-Base.xcconfig */; };
		94EA97DE1D7922BC0011DCC4 /* Project-Debug.xcconfig in Resources */ = {isa = PBXBuildFile; fileRef = 94EA97D81D7922BC0011DCC4 /* Project-Debug.xcconfig */; };
		94EA97DF1D7922BC0011DCC4 /* Project-Release.xcconfig in Resources */ = {isa = PBXBuildFile; fileRef = 94EA97D91D7922BC0011DCC4 /* Project-Release.xcconfig */; };
		94EA97E01D7922BC0011DCC4 /* SkyUtils-Base.xcconfig in Resources */ = {isa = PBXBuildFile; fileRef = 94EA97DA1D7922BC0011DCC4 /* SkyUtils-Base.xcconfig */; };
		94EA97E11D7922BC0011DCC4 /* SkyUtils-Debug.xcconfig in Resources */ = {isa = PBXBuildFile; fileRef = 94EA97DB1D7922BC0011DCC4 /* SkyUtils-Debug.xcconfig */; };
		94EA97E21D7922BC0011DCC4 /* SkyUtils-Release.xcconfig in Resources */ = {isa = PBXBuildFile; fileRef = 94EA97DC1D7922BC0011DCC4 /* SkyUtils-Release.xcconfig */; };
/* End PBXBuildFile section */

/* Begin PBXFileReference section */
		94AAABB71D6DEE64004335CC /* SkyUtils.framework */ = {isa = PBXFileReference; explicitFileType = wrapper.framework; includeInIndex = 0; path = SkyUtils.framework; sourceTree = BUILT_PRODUCTS_DIR; };
		94AAABBA1D6DEE65004335CC /* SkyUtils.h */ = {isa = PBXFileReference; lastKnownFileType = sourcecode.c.h; path = SkyUtils.h; sourceTree = "<group>"; };
		94AAABBB1D6DEE65004335CC /* Info.plist */ = {isa = PBXFileReference; lastKnownFileType = text.plist.xml; path = Info.plist; sourceTree = "<group>"; };
		94AAABCE1D6DEF15004335CC /* Mutex.swift */ = {isa = PBXFileReference; fileEncoding = 4; lastKnownFileType = sourcecode.swift; path = Mutex.swift; sourceTree = "<group>"; };
		94AAABD01D6DEF58004335CC /* Locking.swift */ = {isa = PBXFileReference; fileEncoding = 4; lastKnownFileType = sourcecode.swift; path = Locking.swift; sourceTree = "<group>"; };
		94EA97D31D7918A70011DCC4 /* URLResponse.swift */ = {isa = PBXFileReference; fileEncoding = 4; lastKnownFileType = sourcecode.swift; name = URLResponse.swift; path = SkyUtils/URLResponse.swift; sourceTree = "<group>"; };
		94EA97D71D7922BC0011DCC4 /* Project-Base.xcconfig */ = {isa = PBXFileReference; fileEncoding = 4; lastKnownFileType = text.xcconfig; path = "Project-Base.xcconfig"; sourceTree = "<group>"; };
		94EA97D81D7922BC0011DCC4 /* Project-Debug.xcconfig */ = {isa = PBXFileReference; fileEncoding = 4; lastKnownFileType = text.xcconfig; path = "Project-Debug.xcconfig"; sourceTree = "<group>"; };
		94EA97D91D7922BC0011DCC4 /* Project-Release.xcconfig */ = {isa = PBXFileReference; fileEncoding = 4; lastKnownFileType = text.xcconfig; path = "Project-Release.xcconfig"; sourceTree = "<group>"; };
		94EA97DA1D7922BC0011DCC4 /* SkyUtils-Base.xcconfig */ = {isa = PBXFileReference; fileEncoding = 4; lastKnownFileType = text.xcconfig; path = "SkyUtils-Base.xcconfig"; sourceTree = "<group>"; };
		94EA97DB1D7922BC0011DCC4 /* SkyUtils-Debug.xcconfig */ = {isa = PBXFileReference; fileEncoding = 4; lastKnownFileType = text.xcconfig; path = "SkyUtils-Debug.xcconfig"; sourceTree = "<group>"; };
		94EA97DC1D7922BC0011DCC4 /* SkyUtils-Release.xcconfig */ = {isa = PBXFileReference; fileEncoding = 4; lastKnownFileType = text.xcconfig; path = "SkyUtils-Release.xcconfig"; sourceTree = "<group>"; };
/* End PBXFileReference section */

/* Begin PBXFrameworksBuildPhase section */
		94AAABB31D6DEE64004335CC /* Frameworks */ = {
			isa = PBXFrameworksBuildPhase;
			buildActionMask = 2147483647;
			files = (
			);
			runOnlyForDeploymentPostprocessing = 0;
		};
/* End PBXFrameworksBuildPhase section */

/* Begin PBXGroup section */
		94AAABAD1D6DEE64004335CC = {
			isa = PBXGroup;
			children = (
				94EA97D61D7922BC0011DCC4 /* config */,
				94AAABB91D6DEE64004335CC /* SkyUtils */,
				94AAABB81D6DEE64004335CC /* Products */,
			);
			sourceTree = "<group>";
		};
		94AAABB81D6DEE64004335CC /* Products */ = {
			isa = PBXGroup;
			children = (
				94AAABB71D6DEE64004335CC /* SkyUtils.framework */,
			);
			name = Products;
			sourceTree = "<group>";
		};
		94AAABB91D6DEE64004335CC /* SkyUtils */ = {
			isa = PBXGroup;
			children = (
				94AAABD91D6E0DFE004335CC /* Networking */,
				94AAABD21D6DF2F5004335CC /* Locks */,
				94AAABC21D6DEE6C004335CC /* Support Files */,
			);
			path = SkyUtils;
			sourceTree = "<group>";
		};
		94AAABC21D6DEE6C004335CC /* Support Files */ = {
			isa = PBXGroup;
			children = (
				94AAABBA1D6DEE65004335CC /* SkyUtils.h */,
				94AAABBB1D6DEE65004335CC /* Info.plist */,
			);
			name = "Support Files";
			sourceTree = "<group>";
		};
		94AAABD21D6DF2F5004335CC /* Locks */ = {
			isa = PBXGroup;
			children = (
				94AAABD01D6DEF58004335CC /* Locking.swift */,
				94AAABCE1D6DEF15004335CC /* Mutex.swift */,
			);
			name = Locks;
			sourceTree = "<group>";
		};
		94AAABD91D6E0DFE004335CC /* Networking */ = {
			isa = PBXGroup;
			children = (
				94EA97D31D7918A70011DCC4 /* URLResponse.swift */,
			);
			name = Networking;
			path = ..;
			sourceTree = "<group>";
		};
		94EA97D61D7922BC0011DCC4 /* config */ = {
			isa = PBXGroup;
			children = (
				94EA97D71D7922BC0011DCC4 /* Project-Base.xcconfig */,
				94EA97D81D7922BC0011DCC4 /* Project-Debug.xcconfig */,
				94EA97D91D7922BC0011DCC4 /* Project-Release.xcconfig */,
				94EA97DA1D7922BC0011DCC4 /* SkyUtils-Base.xcconfig */,
				94EA97DB1D7922BC0011DCC4 /* SkyUtils-Debug.xcconfig */,
				94EA97DC1D7922BC0011DCC4 /* SkyUtils-Release.xcconfig */,
			);
			path = config;
			sourceTree = "<group>";
		};
/* End PBXGroup section */

/* Begin PBXHeadersBuildPhase section */
		94AAABB41D6DEE64004335CC /* Headers */ = {
			isa = PBXHeadersBuildPhase;
			buildActionMask = 2147483647;
			files = (
				94AAABBC1D6DEE65004335CC /* SkyUtils.h in Headers */,
			);
			runOnlyForDeploymentPostprocessing = 0;
		};
/* End PBXHeadersBuildPhase section */

/* Begin PBXNativeTarget section */
		94AAABB61D6DEE64004335CC /* SkyUtils */ = {
			isa = PBXNativeTarget;
			buildConfigurationList = 94AAABBF1D6DEE65004335CC /* Build configuration list for PBXNativeTarget "SkyUtils" */;
			buildPhases = (
				94AAABB21D6DEE64004335CC /* Sources */,
				94AAABB31D6DEE64004335CC /* Frameworks */,
				94AAABB41D6DEE64004335CC /* Headers */,
				94AAABB51D6DEE64004335CC /* Resources */,
			);
			buildRules = (
			);
			dependencies = (
			);
			name = SkyUtils;
			productName = SkyUtils;
			productReference = 94AAABB71D6DEE64004335CC /* SkyUtils.framework */;
			productType = "com.apple.product-type.framework";
		};
/* End PBXNativeTarget section */

/* Begin PBXProject section */
		94AAABAE1D6DEE64004335CC /* Project object */ = {
			isa = PBXProject;
			attributes = {
				LastUpgradeCheck = 0800;
				ORGANIZATIONNAME = "Skylar Schipper";
				TargetAttributes = {
					94AAABB61D6DEE64004335CC = {
						CreatedOnToolsVersion = 8.0;
						LastSwiftMigration = 0800;
						ProvisioningStyle = Automatic;
					};
				};
			};
			buildConfigurationList = 94AAABB11D6DEE64004335CC /* Build configuration list for PBXProject "SkyUtils" */;
			compatibilityVersion = "Xcode 3.2";
			developmentRegion = English;
			hasScannedForEncodings = 0;
			knownRegions = (
				en,
			);
			mainGroup = 94AAABAD1D6DEE64004335CC;
			productRefGroup = 94AAABB81D6DEE64004335CC /* Products */;
			projectDirPath = "";
			projectRoot = "";
			targets = (
				94AAABB61D6DEE64004335CC /* SkyUtils */,
			);
		};
/* End PBXProject section */

/* Begin PBXResourcesBuildPhase section */
		94AAABB51D6DEE64004335CC /* Resources */ = {
			isa = PBXResourcesBuildPhase;
			buildActionMask = 2147483647;
			files = (
				94EA97E21D7922BC0011DCC4 /* SkyUtils-Release.xcconfig in Resources */,
				94EA97DE1D7922BC0011DCC4 /* Project-Debug.xcconfig in Resources */,
				94EA97E01D7922BC0011DCC4 /* SkyUtils-Base.xcconfig in Resources */,
				94EA97DD1D7922BC0011DCC4 /* Project-Base.xcconfig in Resources */,
				94EA97DF1D7922BC0011DCC4 /* Project-Release.xcconfig in Resources */,
				94EA97E11D7922BC0011DCC4 /* SkyUtils-Debug.xcconfig in Resources */,
			);
			runOnlyForDeploymentPostprocessing = 0;
		};
/* End PBXResourcesBuildPhase section */

/* Begin PBXSourcesBuildPhase section */
		94AAABB21D6DEE64004335CC /* Sources */ = {
			isa = PBXSourcesBuildPhase;
			buildActionMask = 2147483647;
			files = (
				94AAABCF1D6DEF15004335CC /* Mutex.swift in Sources */,
				94AAABD11D6DEF58004335CC /* Locking.swift in Sources */,
				94EA97D41D7918A70011DCC4 /* URLResponse.swift in Sources */,
			);
			runOnlyForDeploymentPostprocessing = 0;
		};
/* End PBXSourcesBuildPhase section */

/* Begin XCBuildConfiguration section */
		94AAABBD1D6DEE65004335CC /* Debug */ = {
			isa = XCBuildConfiguration;
			baseConfigurationReference = 94EA97D81D7922BC0011DCC4 /* Project-Debug.xcconfig */;
			buildSettings = {
			};
			name = Debug;
		};
		94AAABBE1D6DEE65004335CC /* Release */ = {
			isa = XCBuildConfiguration;
			baseConfigurationReference = 94EA97D91D7922BC0011DCC4 /* Project-Release.xcconfig */;
			buildSettings = {
			};
			name = Release;
		};
		94AAABC01D6DEE65004335CC /* Debug */ = {
			isa = XCBuildConfiguration;
			baseConfigurationReference = 94EA97DB1D7922BC0011DCC4 /* SkyUtils-Debug.xcconfig */;
			buildSettings = {
			};
			name = Debug;
		};
		94AAABC11D6DEE65004335CC /* Release */ = {
			isa = XCBuildConfiguration;
			baseConfigurationReference = 94EA97DC1D7922BC0011DCC4 /* SkyUtils-Release.xcconfig */;
			buildSettings = {
			};
			name = Release;
		};
/* End XCBuildConfiguration section */

/* Begin XCConfigurationList section */
		94AAABB11D6DEE64004335CC /* Build configuration list for PBXProject "SkyUtils" */ = {
			isa = XCConfigurationList;
			buildConfigurations = (
				94AAABBD1D6DEE65004335CC /* Debug */,
				94AAABBE1D6DEE65004335CC /* Release */,
			);
			defaultConfigurationIsVisible = 0;
			defaultConfigurationName = Release;
		};
		94AAABBF1D6DEE65004335CC /* Build configuration list for PBXNativeTarget "SkyUtils" */ = {
			isa = XCConfigurationList;
			buildConfigurations = (
				94AAABC01D6DEE65004335CC /* Debug */,
				94AAABC11D6DEE65004335CC /* Release */,
			);
			defaultConfigurationIsVisible = 0;
			defaultConfigurationName = Release;
		};
/* End XCConfigurationList section */
	};
	rootObject = 94AAABAE1D6DEE64004335CC /* Project object */;
}
